
Microsoft Visual Studio Solution File, Format Version 12.00
# Visual Studio 14
VisualStudioVersion = 14.0.25420.1
MinimumVisualStudioVersion = 10.0.40219.1
Project("{D954291E-2A0B-460D-934E-DC6B0785DB48}") = "NovaktApp", "NovaktApp\NovaktApp\NovaktApp.shproj", "{6D8260F9-497C-41EF-AAB3-3EEE237C3039}"
EndProject
Project("{FAE04EC0-301F-11D3-BF4B-00C04F79EFBC}") = "NovaktApp.Droid", "NovaktApp\NovaktApp.Droid\NovaktApp.Droid.csproj", "{B43FB597-5FAF-4FD0-84C6-E02FE9617C1F}"
EndProject
Project("{FAE04EC0-301F-11D3-BF4B-00C04F79EFBC}") = "NovaktApp.iOS", "NovaktApp\NovaktApp.iOS\NovaktApp.iOS.csproj", "{5962BBCE-0203-4940-973A-73B668609FFB}"
EndProject
Project("{FAE04EC0-301F-11D3-BF4B-00C04F79EFBC}") = "NovaktApp.WinPhone", "NovaktApp\NovaktApp.WinPhone\NovaktApp.WinPhone.csproj", "{E7F5854C-CB44-4586-B6FE-7952CAACAEFD}"
EndProject
Project("{FAE04EC0-301F-11D3-BF4B-00C04F79EFBC}") = "NovaktApp.Windows", "NovaktApp\NovaktApp.Windows\NovaktApp.Windows.csproj", "{1A7332CC-0554-4C00-BF15-114426D307CA}"
EndProject
Global
	GlobalSection(SharedMSBuildProjectFiles) = preSolution
		NovaktApp\NovaktApp\NovaktApp.projitems*{5962bbce-0203-4940-973a-73b668609ffb}*SharedItemsImports = 4
		NovaktApp\NovaktApp\NovaktApp.projitems*{6d8260f9-497c-41ef-aab3-3eee237c3039}*SharedItemsImports = 13
		NovaktApp\NovaktApp\NovaktApp.projitems*{b43fb597-5faf-4fd0-84c6-e02fe9617c1f}*SharedItemsImports = 4
	EndGlobalSection
	GlobalSection(SolutionConfigurationPlatforms) = preSolution
		Ad-Hoc|Any CPU = Ad-Hoc|Any CPU
		Ad-Hoc|ARM = Ad-Hoc|ARM
		Ad-Hoc|iPhone = Ad-Hoc|iPhone
		Ad-Hoc|iPhoneSimulator = Ad-Hoc|iPhoneSimulator
		Ad-Hoc|x64 = Ad-Hoc|x64
		Ad-Hoc|x86 = Ad-Hoc|x86
		AppStore|Any CPU = AppStore|Any CPU
		AppStore|ARM = AppStore|ARM
		AppStore|iPhone = AppStore|iPhone
		AppStore|iPhoneSimulator = AppStore|iPhoneSimulator
		AppStore|x64 = AppStore|x64
		AppStore|x86 = AppStore|x86
		Debug|Any CPU = Debug|Any CPU
		Debug|ARM = Debug|ARM
		Debug|iPhone = Debug|iPhone
		Debug|iPhoneSimulator = Debug|iPhoneSimulator
		Debug|x64 = Debug|x64
		Debug|x86 = Debug|x86
		Release|Any CPU = Release|Any CPU
		Release|ARM = Release|ARM
		Release|iPhone = Release|iPhone
		Release|iPhoneSimulator = Release|iPhoneSimulator
		Release|x64 = Release|x64
		Release|x86 = Release|x86
	EndGlobalSection
	GlobalSection(ProjectConfigurationPlatforms) = postSolution
		{B43FB597-5FAF-4FD0-84C6-E02FE9617C1F}.Ad-Hoc|Any CPU.ActiveCfg = Release|Any CPU
		{B43FB597-5FAF-4FD0-84C6-E02FE9617C1F}.Ad-Hoc|Any CPU.Build.0 = Release|Any CPU
		{B43FB597-5FAF-4FD0-84C6-E02FE9617C1F}.Ad-Hoc|Any CPU.Deploy.0 = Release|Any CPU
		{B43FB597-5FAF-4FD0-84C6-E02FE9617C1F}.Ad-Hoc|ARM.ActiveCfg = Release|Any CPU
		{B43FB597-5FAF-4FD0-84C6-E02FE9617C1F}.Ad-Hoc|ARM.Build.0 = Release|Any CPU
		{B43FB597-5FAF-4FD0-84C6-E02FE9617C1F}.Ad-Hoc|ARM.Deploy.0 = Release|Any CPU
		{B43FB597-5FAF-4FD0-84C6-E02FE9617C1F}.Ad-Hoc|iPhone.ActiveCfg = Release|Any CPU
		{B43FB597-5FAF-4FD0-84C6-E02FE9617C1F}.Ad-Hoc|iPhone.Build.0 = Release|Any CPU
		{B43FB597-5FAF-4FD0-84C6-E02FE9617C1F}.Ad-Hoc|iPhone.Deploy.0 = Release|Any CPU
		{B43FB597-5FAF-4FD0-84C6-E02FE9617C1F}.Ad-Hoc|iPhoneSimulator.ActiveCfg = Release|Any CPU
		{B43FB597-5FAF-4FD0-84C6-E02FE9617C1F}.Ad-Hoc|iPhoneSimulator.Build.0 = Release|Any CPU
		{B43FB597-5FAF-4FD0-84C6-E02FE9617C1F}.Ad-Hoc|iPhoneSimulator.Deploy.0 = Release|Any CPU
		{B43FB597-5FAF-4FD0-84C6-E02FE9617C1F}.Ad-Hoc|x64.ActiveCfg = Release|Any CPU
		{B43FB597-5FAF-4FD0-84C6-E02FE9617C1F}.Ad-Hoc|x64.Build.0 = Release|Any CPU
		{B43FB597-5FAF-4FD0-84C6-E02FE9617C1F}.Ad-Hoc|x64.Deploy.0 = Release|Any CPU
		{B43FB597-5FAF-4FD0-84C6-E02FE9617C1F}.Ad-Hoc|x86.ActiveCfg = Release|Any CPU
		{B43FB597-5FAF-4FD0-84C6-E02FE9617C1F}.Ad-Hoc|x86.Build.0 = Release|Any CPU
		{B43FB597-5FAF-4FD0-84C6-E02FE9617C1F}.Ad-Hoc|x86.Deploy.0 = Release|Any CPU
		{B43FB597-5FAF-4FD0-84C6-E02FE9617C1F}.AppStore|Any CPU.ActiveCfg = Release|Any CPU
		{B43FB597-5FAF-4FD0-84C6-E02FE9617C1F}.AppStore|Any CPU.Build.0 = Release|Any CPU
		{B43FB597-5FAF-4FD0-84C6-E02FE9617C1F}.AppStore|Any CPU.Deploy.0 = Release|Any CPU
		{B43FB597-5FAF-4FD0-84C6-E02FE9617C1F}.AppStore|ARM.ActiveCfg = Release|Any CPU
		{B43FB597-5FAF-4FD0-84C6-E02FE9617C1F}.AppStore|ARM.Build.0 = Release|Any CPU
		{B43FB597-5FAF-4FD0-84C6-E02FE9617C1F}.AppStore|ARM.Deploy.0 = Release|Any CPU
		{B43FB597-5FAF-4FD0-84C6-E02FE9617C1F}.AppStore|iPhone.ActiveCfg = Release|Any CPU
		{B43FB597-5FAF-4FD0-84C6-E02FE9617C1F}.AppStore|iPhone.Build.0 = Release|Any CPU
		{B43FB597-5FAF-4FD0-84C6-E02FE9617C1F}.AppStore|iPhone.Deploy.0 = Release|Any CPU
		{B43FB597-5FAF-4FD0-84C6-E02FE9617C1F}.AppStore|iPhoneSimulator.ActiveCfg = Release|Any CPU
		{B43FB597-5FAF-4FD0-84C6-E02FE9617C1F}.AppStore|iPhoneSimulator.Build.0 = Release|Any CPU
		{B43FB597-5FAF-4FD0-84C6-E02FE9617C1F}.AppStore|iPhoneSimulator.Deploy.0 = Release|Any CPU
		{B43FB597-5FAF-4FD0-84C6-E02FE9617C1F}.AppStore|x64.ActiveCfg = Release|Any CPU
		{B43FB597-5FAF-4FD0-84C6-E02FE9617C1F}.AppStore|x64.Build.0 = Release|Any CPU
		{B43FB597-5FAF-4FD0-84C6-E02FE9617C1F}.AppStore|x64.Deploy.0 = Release|Any CPU
		{B43FB597-5FAF-4FD0-84C6-E02FE9617C1F}.AppStore|x86.ActiveCfg = Release|Any CPU
		{B43FB597-5FAF-4FD0-84C6-E02FE9617C1F}.AppStore|x86.Build.0 = Release|Any CPU
		{B43FB597-5FAF-4FD0-84C6-E02FE9617C1F}.AppStore|x86.Deploy.0 = Release|Any CPU
		{B43FB597-5FAF-4FD0-84C6-E02FE9617C1F}.Debug|Any CPU.ActiveCfg = Debug|Any CPU
		{B43FB597-5FAF-4FD0-84C6-E02FE9617C1F}.Debug|Any CPU.Build.0 = Debug|Any CPU
		{B43FB597-5FAF-4FD0-84C6-E02FE9617C1F}.Debug|Any CPU.Deploy.0 = Debug|Any CPU
		{B43FB597-5FAF-4FD0-84C6-E02FE9617C1F}.Debug|ARM.ActiveCfg = Debug|Any CPU
		{B43FB597-5FAF-4FD0-84C6-E02FE9617C1F}.Debug|ARM.Build.0 = Debug|Any CPU
		{B43FB597-5FAF-4FD0-84C6-E02FE9617C1F}.Debug|ARM.Deploy.0 = Debug|Any CPU
		{B43FB597-5FAF-4FD0-84C6-E02FE9617C1F}.Debug|iPhone.ActiveCfg = Debug|Any CPU
		{B43FB597-5FAF-4FD0-84C6-E02FE9617C1F}.Debug|iPhone.Build.0 = Debug|Any CPU
		{B43FB597-5FAF-4FD0-84C6-E02FE9617C1F}.Debug|iPhone.Deploy.0 = Debug|Any CPU
		{B43FB597-5FAF-4FD0-84C6-E02FE9617C1F}.Debug|iPhoneSimulator.ActiveCfg = Debug|Any CPU
		{B43FB597-5FAF-4FD0-84C6-E02FE9617C1F}.Debug|iPhoneSimulator.Build.0 = Debug|Any CPU
		{B43FB597-5FAF-4FD0-84C6-E02FE9617C1F}.Debug|iPhoneSimulator.Deploy.0 = Debug|Any CPU
		{B43FB597-5FAF-4FD0-84C6-E02FE9617C1F}.Debug|x64.ActiveCfg = Debug|Any CPU
		{B43FB597-5FAF-4FD0-84C6-E02FE9617C1F}.Debug|x64.Build.0 = Debug|Any CPU
		{B43FB597-5FAF-4FD0-84C6-E02FE9617C1F}.Debug|x64.Deploy.0 = Debug|Any CPU
		{B43FB597-5FAF-4FD0-84C6-E02FE9617C1F}.Debug|x86.ActiveCfg = Debug|Any CPU
		{B43FB597-5FAF-4FD0-84C6-E02FE9617C1F}.Debug|x86.Build.0 = Debug|Any CPU
		{B43FB597-5FAF-4FD0-84C6-E02FE9617C1F}.Debug|x86.Deploy.0 = Debug|Any CPU
		{B43FB597-5FAF-4FD0-84C6-E02FE9617C1F}.Release|Any CPU.ActiveCfg = Release|Any CPU
		{B43FB597-5FAF-4FD0-84C6-E02FE9617C1F}.Release|Any CPU.Build.0 = Release|Any CPU
		{B43FB597-5FAF-4FD0-84C6-E02FE9617C1F}.Release|Any CPU.Deploy.0 = Release|Any CPU
		{B43FB597-5FAF-4FD0-84C6-E02FE9617C1F}.Release|ARM.ActiveCfg = Release|Any CPU
		{B43FB597-5FAF-4FD0-84C6-E02FE9617C1F}.Release|ARM.Build.0 = Release|Any CPU
		{B43FB597-5FAF-4FD0-84C6-E02FE9617C1F}.Release|ARM.Deploy.0 = Release|Any CPU
		{B43FB597-5FAF-4FD0-84C6-E02FE9617C1F}.Release|iPhone.ActiveCfg = Release|Any CPU
		{B43FB597-5FAF-4FD0-84C6-E02FE9617C1F}.Release|iPhone.Build.0 = Release|Any CPU
		{B43FB597-5FAF-4FD0-84C6-E02FE9617C1F}.Release|iPhone.Deploy.0 = Release|Any CPU
		{B43FB597-5FAF-4FD0-84C6-E02FE9617C1F}.Release|iPhoneSimulator.ActiveCfg = Release|Any CPU
		{B43FB597-5FAF-4FD0-84C6-E02FE9617C1F}.Release|iPhoneSimulator.Build.0 = Release|Any CPU
		{B43FB597-5FAF-4FD0-84C6-E02FE9617C1F}.Release|iPhoneSimulator.Deploy.0 = Release|Any CPU
		{B43FB597-5FAF-4FD0-84C6-E02FE9617C1F}.Release|x64.ActiveCfg = Release|Any CPU
		{B43FB597-5FAF-4FD0-84C6-E02FE9617C1F}.Release|x64.Build.0 = Release|Any CPU
		{B43FB597-5FAF-4FD0-84C6-E02FE9617C1F}.Release|x64.Deploy.0 = Release|Any CPU
		{B43FB597-5FAF-4FD0-84C6-E02FE9617C1F}.Release|x86.ActiveCfg = Release|Any CPU
		{B43FB597-5FAF-4FD0-84C6-E02FE9617C1F}.Release|x86.Build.0 = Release|Any CPU
		{B43FB597-5FAF-4FD0-84C6-E02FE9617C1F}.Release|x86.Deploy.0 = Release|Any CPU
		{5962BBCE-0203-4940-973A-73B668609FFB}.Ad-Hoc|Any CPU.ActiveCfg = Ad-Hoc|iPhone
		{5962BBCE-0203-4940-973A-73B668609FFB}.Ad-Hoc|ARM.ActiveCfg = Ad-Hoc|iPhone
		{5962BBCE-0203-4940-973A-73B668609FFB}.Ad-Hoc|iPhone.ActiveCfg = Ad-Hoc|iPhone
		{5962BBCE-0203-4940-973A-73B668609FFB}.Ad-Hoc|iPhone.Build.0 = Ad-Hoc|iPhone
		{5962BBCE-0203-4940-973A-73B668609FFB}.Ad-Hoc|iPhoneSimulator.ActiveCfg = Ad-Hoc|iPhoneSimulator
		{5962BBCE-0203-4940-973A-73B668609FFB}.Ad-Hoc|iPhoneSimulator.Build.0 = Ad-Hoc|iPhoneSimulator
		{5962BBCE-0203-4940-973A-73B668609FFB}.Ad-Hoc|x64.ActiveCfg = Ad-Hoc|iPhone
		{5962BBCE-0203-4940-973A-73B668609FFB}.Ad-Hoc|x86.ActiveCfg = Ad-Hoc|iPhone
		{5962BBCE-0203-4940-973A-73B668609FFB}.AppStore|Any CPU.ActiveCfg = AppStore|iPhone
		{5962BBCE-0203-4940-973A-73B668609FFB}.AppStore|ARM.ActiveCfg = AppStore|iPhone
		{5962BBCE-0203-4940-973A-73B668609FFB}.AppStore|iPhone.ActiveCfg = AppStore|iPhone
		{5962BBCE-0203-4940-973A-73B668609FFB}.AppStore|iPhone.Build.0 = AppStore|iPhone
		{5962BBCE-0203-4940-973A-73B668609FFB}.AppStore|iPhoneSimulator.ActiveCfg = AppStore|iPhoneSimulator
		{5962BBCE-0203-4940-973A-73B668609FFB}.AppStore|iPhoneSimulator.Build.0 = AppStore|iPhoneSimulator
		{5962BBCE-0203-4940-973A-73B668609FFB}.AppStore|x64.ActiveCfg = AppStore|iPhone
		{5962BBCE-0203-4940-973A-73B668609FFB}.AppStore|x86.ActiveCfg = AppStore|iPhone
		{5962BBCE-0203-4940-973A-73B668609FFB}.Debug|Any CPU.ActiveCfg = Debug|iPhone
		{5962BBCE-0203-4940-973A-73B668609FFB}.Debug|ARM.ActiveCfg = Debug|iPhone
		{5962BBCE-0203-4940-973A-73B668609FFB}.Debug|iPhone.ActiveCfg = Debug|iPhone
		{5962BBCE-0203-4940-973A-73B668609FFB}.Debug|iPhone.Build.0 = Debug|iPhone
		{5962BBCE-0203-4940-973A-73B668609FFB}.Debug|iPhoneSimulator.ActiveCfg = Debug|iPhoneSimulator
		{5962BBCE-0203-4940-973A-73B668609FFB}.Debug|iPhoneSimulator.Build.0 = Debug|iPhoneSimulator
		{5962BBCE-0203-4940-973A-73B668609FFB}.Debug|x64.ActiveCfg = Debug|iPhone
		{5962BBCE-0203-4940-973A-73B668609FFB}.Debug|x86.ActiveCfg = Debug|iPhone
		{5962BBCE-0203-4940-973A-73B668609FFB}.Release|Any CPU.ActiveCfg = Release|iPhone
		{5962BBCE-0203-4940-973A-73B668609FFB}.Release|ARM.ActiveCfg = Release|iPhone
		{5962BBCE-0203-4940-973A-73B668609FFB}.Release|iPhone.ActiveCfg = Release|iPhone
		{5962BBCE-0203-4940-973A-73B668609FFB}.Release|iPhone.Build.0 = Release|iPhone
		{5962BBCE-0203-4940-973A-73B668609FFB}.Release|iPhoneSimulator.ActiveCfg = Release|iPhoneSimulator
		{5962BBCE-0203-4940-973A-73B668609FFB}.Release|iPhoneSimulator.Build.0 = Release|iPhoneSimulator
		{5962BBCE-0203-4940-973A-73B668609FFB}.Release|x64.ActiveCfg = Release|iPhone
		{5962BBCE-0203-4940-973A-73B668609FFB}.Release|x86.ActiveCfg = Release|iPhone
		{E7F5854C-CB44-4586-B6FE-7952CAACAEFD}.Ad-Hoc|Any CPU.ActiveCfg = Release|Any CPU
		{E7F5854C-CB44-4586-B6FE-7952CAACAEFD}.Ad-Hoc|Any CPU.Build.0 = Release|Any CPU
		{E7F5854C-CB44-4586-B6FE-7952CAACAEFD}.Ad-Hoc|Any CPU.Deploy.0 = Release|Any CPU
		{E7F5854C-CB44-4586-B6FE-7952CAACAEFD}.Ad-Hoc|ARM.ActiveCfg = Release|ARM
		{E7F5854C-CB44-4586-B6FE-7952CAACAEFD}.Ad-Hoc|ARM.Build.0 = Release|ARM
		{E7F5854C-CB44-4586-B6FE-7952CAACAEFD}.Ad-Hoc|ARM.Deploy.0 = Release|ARM
		{E7F5854C-CB44-4586-B6FE-7952CAACAEFD}.Ad-Hoc|iPhone.ActiveCfg = Release|Any CPU
		{E7F5854C-CB44-4586-B6FE-7952CAACAEFD}.Ad-Hoc|iPhone.Build.0 = Release|Any CPU
		{E7F5854C-CB44-4586-B6FE-7952CAACAEFD}.Ad-Hoc|iPhone.Deploy.0 = Release|Any CPU
		{E7F5854C-CB44-4586-B6FE-7952CAACAEFD}.Ad-Hoc|iPhoneSimulator.ActiveCfg = Release|Any CPU
		{E7F5854C-CB44-4586-B6FE-7952CAACAEFD}.Ad-Hoc|iPhoneSimulator.Build.0 = Release|Any CPU
		{E7F5854C-CB44-4586-B6FE-7952CAACAEFD}.Ad-Hoc|iPhoneSimulator.Deploy.0 = Release|Any CPU
		{E7F5854C-CB44-4586-B6FE-7952CAACAEFD}.Ad-Hoc|x64.ActiveCfg = Release|Any CPU
		{E7F5854C-CB44-4586-B6FE-7952CAACAEFD}.Ad-Hoc|x64.Build.0 = Release|Any CPU
		{E7F5854C-CB44-4586-B6FE-7952CAACAEFD}.Ad-Hoc|x64.Deploy.0 = Release|Any CPU
		{E7F5854C-CB44-4586-B6FE-7952CAACAEFD}.Ad-Hoc|x86.ActiveCfg = Release|x86
		{E7F5854C-CB44-4586-B6FE-7952CAACAEFD}.Ad-Hoc|x86.Build.0 = Release|x86
		{E7F5854C-CB44-4586-B6FE-7952CAACAEFD}.Ad-Hoc|x86.Deploy.0 = Release|x86
		{E7F5854C-CB44-4586-B6FE-7952CAACAEFD}.AppStore|Any CPU.ActiveCfg = Release|Any CPU
		{E7F5854C-CB44-4586-B6FE-7952CAACAEFD}.AppStore|Any CPU.Build.0 = Release|Any CPU
		{E7F5854C-CB44-4586-B6FE-7952CAACAEFD}.AppStore|Any CPU.Deploy.0 = Release|Any CPU
		{E7F5854C-CB44-4586-B6FE-7952CAACAEFD}.AppStore|ARM.ActiveCfg = Release|ARM
		{E7F5854C-CB44-4586-B6FE-7952CAACAEFD}.AppStore|ARM.Build.0 = Release|ARM
		{E7F5854C-CB44-4586-B6FE-7952CAACAEFD}.AppStore|ARM.Deploy.0 = Release|ARM
		{E7F5854C-CB44-4586-B6FE-7952CAACAEFD}.AppStore|iPhone.ActiveCfg = Release|Any CPU
		{E7F5854C-CB44-4586-B6FE-7952CAACAEFD}.AppStore|iPhone.Build.0 = Release|Any CPU
		{E7F5854C-CB44-4586-B6FE-7952CAACAEFD}.AppStore|iPhone.Deploy.0 = Release|Any CPU
		{E7F5854C-CB44-4586-B6FE-7952CAACAEFD}.AppStore|iPhoneSimulator.ActiveCfg = Release|Any CPU
		{E7F5854C-CB44-4586-B6FE-7952CAACAEFD}.AppStore|iPhoneSimulator.Build.0 = Release|Any CPU
		{E7F5854C-CB44-4586-B6FE-7952CAACAEFD}.AppStore|iPhoneSimulator.Deploy.0 = Release|Any CPU
		{E7F5854C-CB44-4586-B6FE-7952CAACAEFD}.AppStore|x64.ActiveCfg = Release|Any CPU
		{E7F5854C-CB44-4586-B6FE-7952CAACAEFD}.AppStore|x64.Build.0 = Release|Any CPU
		{E7F5854C-CB44-4586-B6FE-7952CAACAEFD}.AppStore|x64.Deploy.0 = Release|Any CPU
		{E7F5854C-CB44-4586-B6FE-7952CAACAEFD}.AppStore|x86.ActiveCfg = Release|x86
		{E7F5854C-CB44-4586-B6FE-7952CAACAEFD}.AppStore|x86.Build.0 = Release|x86
		{E7F5854C-CB44-4586-B6FE-7952CAACAEFD}.AppStore|x86.Deploy.0 = Release|x86
		{E7F5854C-CB44-4586-B6FE-7952CAACAEFD}.Debug|Any CPU.ActiveCfg = Debug|Any CPU
		{E7F5854C-CB44-4586-B6FE-7952CAACAEFD}.Debug|Any CPU.Build.0 = Debug|Any CPU
		{E7F5854C-CB44-4586-B6FE-7952CAACAEFD}.Debug|Any CPU.Deploy.0 = Debug|Any CPU
		{E7F5854C-CB44-4586-B6FE-7952CAACAEFD}.Debug|ARM.ActiveCfg = Debug|ARM
		{E7F5854C-CB44-4586-B6FE-7952CAACAEFD}.Debug|ARM.Build.0 = Debug|ARM
		{E7F5854C-CB44-4586-B6FE-7952CAACAEFD}.Debug|ARM.Deploy.0 = Debug|ARM
		{E7F5854C-CB44-4586-B6FE-7952CAACAEFD}.Debug|iPhone.ActiveCfg = Debug|Any CPU
		{E7F5854C-CB44-4586-B6FE-7952CAACAEFD}.Debug|iPhone.Build.0 = Debug|Any CPU
		{E7F5854C-CB44-4586-B6FE-7952CAACAEFD}.Debug|iPhone.Deploy.0 = Debug|Any CPU
		{E7F5854C-CB44-4586-B6FE-7952CAACAEFD}.Debug|iPhoneSimulator.ActiveCfg = Debug|Any CPU
		{E7F5854C-CB44-4586-B6FE-7952CAACAEFD}.Debug|iPhoneSimulator.Build.0 = Debug|Any CPU
		{E7F5854C-CB44-4586-B6FE-7952CAACAEFD}.Debug|iPhoneSimulator.Deploy.0 = Debug|Any CPU
		{E7F5854C-CB44-4586-B6FE-7952CAACAEFD}.Debug|x64.ActiveCfg = Debug|Any CPU
		{E7F5854C-CB44-4586-B6FE-7952CAACAEFD}.Debug|x64.Build.0 = Debug|Any CPU
		{E7F5854C-CB44-4586-B6FE-7952CAACAEFD}.Debug|x64.Deploy.0 = Debug|Any CPU
		{E7F5854C-CB44-4586-B6FE-7952CAACAEFD}.Debug|x86.ActiveCfg = Debug|x86
		{E7F5854C-CB44-4586-B6FE-7952CAACAEFD}.Debug|x86.Build.0 = Debug|x86
		{E7F5854C-CB44-4586-B6FE-7952CAACAEFD}.Debug|x86.Deploy.0 = Debug|x86
		{E7F5854C-CB44-4586-B6FE-7952CAACAEFD}.Release|Any CPU.ActiveCfg = Release|Any CPU
		{E7F5854C-CB44-4586-B6FE-7952CAACAEFD}.Release|Any CPU.Build.0 = Release|Any CPU
		{E7F5854C-CB44-4586-B6FE-7952CAACAEFD}.Release|Any CPU.Deploy.0 = Release|Any CPU
		{E7F5854C-CB44-4586-B6FE-7952CAACAEFD}.Release|ARM.ActiveCfg = Release|ARM
		{E7F5854C-CB44-4586-B6FE-7952CAACAEFD}.Release|ARM.Build.0 = Release|ARM
		{E7F5854C-CB44-4586-B6FE-7952CAACAEFD}.Release|ARM.Deploy.0 = Release|ARM
		{E7F5854C-CB44-4586-B6FE-7952CAACAEFD}.Release|iPhone.ActiveCfg = Release|Any CPU
		{E7F5854C-CB44-4586-B6FE-7952CAACAEFD}.Release|iPhone.Build.0 = Release|Any CPU
		{E7F5854C-CB44-4586-B6FE-7952CAACAEFD}.Release|iPhone.Deploy.0 = Release|Any CPU
		{E7F5854C-CB44-4586-B6FE-7952CAACAEFD}.Release|iPhoneSimulator.ActiveCfg = Release|Any CPU
		{E7F5854C-CB44-4586-B6FE-7952CAACAEFD}.Release|iPhoneSimulator.Build.0 = Release|Any CPU
		{E7F5854C-CB44-4586-B6FE-7952CAACAEFD}.Release|iPhoneSimulator.Deploy.0 = Release|Any CPU
		{E7F5854C-CB44-4586-B6FE-7952CAACAEFD}.Release|x64.ActiveCfg = Release|Any CPU
		{E7F5854C-CB44-4586-B6FE-7952CAACAEFD}.Release|x64.Build.0 = Release|Any CPU
		{E7F5854C-CB44-4586-B6FE-7952CAACAEFD}.Release|x64.Deploy.0 = Release|Any CPU
		{E7F5854C-CB44-4586-B6FE-7952CAACAEFD}.Release|x86.ActiveCfg = Release|x86
		{E7F5854C-CB44-4586-B6FE-7952CAACAEFD}.Release|x86.Build.0 = Release|x86
		{E7F5854C-CB44-4586-B6FE-7952CAACAEFD}.Release|x86.Deploy.0 = Release|x86
		{1A7332CC-0554-4C00-BF15-114426D307CA}.Ad-Hoc|Any CPU.ActiveCfg = Release|Any CPU
		{1A7332CC-0554-4C00-BF15-114426D307CA}.Ad-Hoc|Any CPU.Build.0 = Release|Any CPU
		{1A7332CC-0554-4C00-BF15-114426D307CA}.Ad-Hoc|Any CPU.Deploy.0 = Release|Any CPU
		{1A7332CC-0554-4C00-BF15-114426D307CA}.Ad-Hoc|ARM.ActiveCfg = Release|ARM
		{1A7332CC-0554-4C00-BF15-114426D307CA}.Ad-Hoc|ARM.Build.0 = Release|ARM
		{1A7332CC-0554-4C00-BF15-114426D307CA}.Ad-Hoc|ARM.Deploy.0 = Release|ARM
		{1A7332CC-0554-4C00-BF15-114426D307CA}.Ad-Hoc|iPhone.ActiveCfg = Release|Any CPU
		{1A7332CC-0554-4C00-BF15-114426D307CA}.Ad-Hoc|iPhone.Build.0 = Release|Any CPU
		{1A7332CC-0554-4C00-BF15-114426D307CA}.Ad-Hoc|iPhone.Deploy.0 = Release|Any CPU
		{1A7332CC-0554-4C00-BF15-114426D307CA}.Ad-Hoc|iPhoneSimulator.ActiveCfg = Release|Any CPU
		{1A7332CC-0554-4C00-BF15-114426D307CA}.Ad-Hoc|iPhoneSimulator.Build.0 = Release|Any CPU
		{1A7332CC-0554-4C00-BF15-114426D307CA}.Ad-Hoc|iPhoneSimulator.Deploy.0 = Release|Any CPU
		{1A7332CC-0554-4C00-BF15-114426D307CA}.Ad-Hoc|x64.ActiveCfg = Release|x64
		{1A7332CC-0554-4C00-BF15-114426D307CA}.Ad-Hoc|x64.Build.0 = Release|x64
		{1A7332CC-0554-4C00-BF15-114426D307CA}.Ad-Hoc|x64.Deploy.0 = Release|x64
		{1A7332CC-0554-4C00-BF15-114426D307CA}.Ad-Hoc|x86.ActiveCfg = Release|x86
		{1A7332CC-0554-4C00-BF15-114426D307CA}.Ad-Hoc|x86.Build.0 = Release|x86
		{1A7332CC-0554-4C00-BF15-114426D307CA}.Ad-Hoc|x86.Deploy.0 = Release|x86
		{1A7332CC-0554-4C00-BF15-114426D307CA}.AppStore|Any CPU.ActiveCfg = Release|Any CPU
		{1A7332CC-0554-4C00-BF15-114426D307CA}.AppStore|Any CPU.Build.0 = Release|Any CPU
		{1A7332CC-0554-4C00-BF15-114426D307CA}.AppStore|Any CPU.Deploy.0 = Release|Any CPU
		{1A7332CC-0554-4C00-BF15-114426D307CA}.AppStore|ARM.ActiveCfg = Release|ARM
		{1A7332CC-0554-4C00-BF15-114426D307CA}.AppStore|ARM.Build.0 = Release|ARM
		{1A7332CC-0554-4C00-BF15-114426D307CA}.AppStore|ARM.Deploy.0 = Release|ARM
		{1A7332CC-0554-4C00-BF15-114426D307CA}.AppStore|iPhone.ActiveCfg = Release|Any CPU
		{1A7332CC-0554-4C00-BF15-114426D307CA}.AppStore|iPhone.Build.0 = Release|Any CPU
		{1A7332CC-0554-4C00-BF15-114426D307CA}.AppStore|iPhone.Deploy.0 = Release|Any CPU
		{1A7332CC-0554-4C00-BF15-114426D307CA}.AppStore|iPhoneSimulator.ActiveCfg = Release|Any CPU
		{1A7332CC-0554-4C00-BF15-114426D307CA}.AppStore|iPhoneSimulator.Build.0 = Release|Any CPU
		{1A7332CC-0554-4C00-BF15-114426D307CA}.AppStore|iPhoneSimulator.Deploy.0 = Release|Any CPU
		{1A7332CC-0554-4C00-BF15-114426D307CA}.AppStore|x64.ActiveCfg = Release|x64
		{1A7332CC-0554-4C00-BF15-114426D307CA}.AppStore|x64.Build.0 = Release|x64
		{1A7332CC-0554-4C00-BF15-114426D307CA}.AppStore|x64.Deploy.0 = Release|x64
		{1A7332CC-0554-4C00-BF15-114426D307CA}.AppStore|x86.ActiveCfg = Release|x86
		{1A7332CC-0554-4C00-BF15-114426D307CA}.AppStore|x86.Build.0 = Release|x86
		{1A7332CC-0554-4C00-BF15-114426D307CA}.AppStore|x86.Deploy.0 = Release|x86
		{1A7332CC-0554-4C00-BF15-114426D307CA}.Debug|Any CPU.ActiveCfg = Debug|Any CPU
		{1A7332CC-0554-4C00-BF15-114426D307CA}.Debug|Any CPU.Build.0 = Debug|Any CPU
		{1A7332CC-0554-4C00-BF15-114426D307CA}.Debug|Any CPU.Deploy.0 = Debug|Any CPU
		{1A7332CC-0554-4C00-BF15-114426D307CA}.Debug|ARM.ActiveCfg = Debug|ARM
		{1A7332CC-0554-4C00-BF15-114426D307CA}.Debug|ARM.Build.0 = Debug|ARM
		{1A7332CC-0554-4C00-BF15-114426D307CA}.Debug|ARM.Deploy.0 = Debug|ARM
		{1A7332CC-0554-4C00-BF15-114426D307CA}.Debug|iPhone.ActiveCfg = Debug|Any CPU
		{1A7332CC-0554-4C00-BF15-114426D307CA}.Debug|iPhone.Build.0 = Debug|Any CPU
		{1A7332CC-0554-4C00-BF15-114426D307CA}.Debug|iPhone.Deploy.0 = Debug|Any CPU
		{1A7332CC-0554-4C00-BF15-114426D307CA}.Debug|iPhoneSimulator.ActiveCfg = Debug|Any CPU
		{1A7332CC-0554-4C00-BF15-114426D307CA}.Debug|iPhoneSimulator.Build.0 = Debug|Any CPU
		{1A7332CC-0554-4C00-BF15-114426D307CA}.Debug|iPhoneSimulator.Deploy.0 = Debug|Any CPU
		{1A7332CC-0554-4C00-BF15-114426D307CA}.Debug|x64.ActiveCfg = Debug|x64
		{1A7332CC-0554-4C00-BF15-114426D307CA}.Debug|x64.Build.0 = Debug|x64
		{1A7332CC-0554-4C00-BF15-114426D307CA}.Debug|x64.Deploy.0 = Debug|x64
		{1A7332CC-0554-4C00-BF15-114426D307CA}.Debug|x86.ActiveCfg = Debug|x86
		{1A7332CC-0554-4C00-BF15-114426D307CA}.Debug|x86.Build.0 = Debug|x86
		{1A7332CC-0554-4C00-BF15-114426D307CA}.Debug|x86.Deploy.0 = Debug|x86
		{1A7332CC-0554-4C00-BF15-114426D307CA}.Release|Any CPU.ActiveCfg = Release|Any CPU
		{1A7332CC-0554-4C00-BF15-114426D307CA}.Release|Any CPU.Build.0 = Release|Any CPU
		{1A7332CC-0554-4C00-BF15-114426D307CA}.Release|Any CPU.Deploy.0 = Release|Any CPU
		{1A7332CC-0554-4C00-BF15-114426D307CA}.Release|ARM.ActiveCfg = Release|ARM
		{1A7332CC-0554-4C00-BF15-114426D307CA}.Release|ARM.Build.0 = Release|ARM
		{1A7332CC-0554-4C00-BF15-114426D307CA}.Release|ARM.Deploy.0 = Release|ARM
		{1A7332CC-0554-4C00-BF15-114426D307CA}.Release|iPhone.ActiveCfg = Release|Any CPU
		{1A7332CC-0554-4C00-BF15-114426D307CA}.Release|iPhone.Build.0 = Release|Any CPU
		{1A7332CC-0554-4C00-BF15-114426D307CA}.Release|iPhone.Deploy.0 = Release|Any CPU
		{1A7332CC-0554-4C00-BF15-114426D307CA}.Release|iPhoneSimulator.ActiveCfg = Release|Any CPU
		{1A7332CC-0554-4C00-BF15-114426D307CA}.Release|iPhoneSimulator.Build.0 = Release|Any CPU
		{1A7332CC-0554-4C00-BF15-114426D307CA}.Release|iPhoneSimulator.Deploy.0 = Release|Any CPU
		{1A7332CC-0554-4C00-BF15-114426D307CA}.Release|x64.ActiveCfg = Release|x64
		{1A7332CC-0554-4C00-BF15-114426D307CA}.Release|x64.Build.0 = Release|x64
		{1A7332CC-0554-4C00-BF15-114426D307CA}.Release|x64.Deploy.0 = Release|x64
		{1A7332CC-0554-4C00-BF15-114426D307CA}.Release|x86.ActiveCfg = Release|x86
		{1A7332CC-0554-4C00-BF15-114426D307CA}.Release|x86.Build.0 = Release|x86
		{1A7332CC-0554-4C00-BF15-114426D307CA}.Release|x86.Deploy.0 = Release|x86
	EndGlobalSection
	GlobalSection(SolutionProperties) = preSolution
		HideSolutionNode = FALSE
	EndGlobalSection
EndGlobal
